
Microsoft Visual Studio Solution File, Format Version 12.00
# Visual Studio 15
VisualStudioVersion = 15.0.28307.168
MinimumVisualStudioVersion = 10.0.40219.1
Project("{9A19103F-16F7-4668-BE54-9A1E7A4F7556}") = "NRules.Integration.Windsor", "NRules.Integration.Windsor\NRules.Integration.Windsor.csproj", "{5E52D368-11E7-479F-A41C-0CAA506D752C}"
EndProject
Project("{FAE04EC0-301F-11D3-BF4B-00C04F79EFBC}") = "NRules.Integration.Windsor.Tests", "NRules.Integration.Windsor.Tests\NRules.Integration.Windsor.Tests.csproj", "{C154F927-6225-4964-BFB4-7FB6827B98B4}"
EndProject
Global
	GlobalSection(SolutionConfigurationPlatforms) = preSolution
		Debug|Any CPU = Debug|Any CPU
		Release|Any CPU = Release|Any CPU
	EndGlobalSection
	GlobalSection(ProjectConfigurationPlatforms) = postSolution
		{5E52D368-11E7-479F-A41C-0CAA506D752C}.Debug|Any CPU.ActiveCfg = Debug|Any CPU
		{5E52D368-11E7-479F-A41C-0CAA506D752C}.Debug|Any CPU.Build.0 = Debug|Any CPU
		{5E52D368-11E7-479F-A41C-0CAA506D752C}.Release|Any CPU.ActiveCfg = Release|Any CPU
		{5E52D368-11E7-479F-A41C-0CAA506D752C}.Release|Any CPU.Build.0 = Release|Any CPU
		{C154F927-6225-4964-BFB4-7FB6827B98B4}.Debug|Any CPU.ActiveCfg = Debug|Any CPU
		{C154F927-6225-4964-BFB4-7FB6827B98B4}.Debug|Any CPU.Build.0 = Debug|Any CPU
		{C154F927-6225-4964-BFB4-7FB6827B98B4}.Release|Any CPU.ActiveCfg = Release|Any CPU
		{C154F927-6225-4964-BFB4-7FB6827B98B4}.Release|Any CPU.Build.0 = Release|Any CPU
	EndGlobalSection
	GlobalSection(SolutionProperties) = preSolution
		HideSolutionNode = FALSE
	EndGlobalSection
	GlobalSection(ExtensibilityGlobals) = postSolution
		SolutionGuid = {D6A7D355-3195-44F7-BB46-280B741ABF49}
	EndGlobalSection
EndGlobal
